
Microsoft Visual Studio Solution File, Format Version 12.00
# Visual Studio Version 17
VisualStudioVersion = 17.4.33205.214
MinimumVisualStudioVersion = 10.0.40219.1
Project("{FAE04EC0-301F-11D3-BF4B-00C04F79EFBC}") = "GenerateRandomPassword", "GenerateRandomPassword\GenerateRandomPassword.csproj", "{AA59A73E-36B5-41FA-B612-46FA44B14A4A}"
EndProject
Global
	GlobalSection(SolutionConfigurationPlatforms) = preSolution
		Debug|Any CPU = Debug|Any CPU
		Release|Any CPU = Release|Any CPU
	EndGlobalSection
	GlobalSection(ProjectConfigurationPlatforms) = postSolution
		{AA59A73E-36B5-41FA-B612-46FA44B14A4A}.Debug|Any CPU.ActiveCfg = Debug|Any CPU
		{AA59A73E-36B5-41FA-B612-46FA44B14A4A}.Debug|Any CPU.Build.0 = Debug|Any CPU
		{AA59A73E-36B5-41FA-B612-46FA44B14A4A}.Release|Any CPU.ActiveCfg = Release|Any CPU
		{AA59A73E-36B5-41FA-B612-46FA44B14A4A}.Release|Any CPU.Build.0 = Release|Any CPU
	EndGlobalSection
	GlobalSection(SolutionProperties) = preSolution
		HideSolutionNode = FALSE
	EndGlobalSection
	GlobalSection(ExtensibilityGlobals) = postSolution
		SolutionGuid = {17B2DAF4-D905-4504-A948-892A52878C0D}
	EndGlobalSection
EndGlobal
